# This file is automatically @generated by Cargo.
# It is not intended for manual editing.
version = 4

[[package]]
name = "educe"
version = "0.6.0"
source = "registry+https://github.com/rust-lang/crates.io-index"
checksum = "1d7bc049e1bd8cdeb31b68bbd586a9464ecf9f3944af3958a7a9d0f8b9799417"
dependencies = [
 "enum-ordinalize",
 "proc-macro2",
 "quote",
 "syn",
]

[[package]]
name = "egraph_macros"
version = "0.1.0"
dependencies = [
 "educe",
 "proc-macro2",
 "quote",
 "syn",
]

[[package]]
name = "egraph_scratch"
version = "0.1.0"

[[package]]
name = "enum-ordinalize"
version = "4.3.0"
source = "registry+https://github.com/rust-lang/crates.io-index"
checksum = "fea0dcfa4e54eeb516fe454635a95753ddd39acda650ce703031c6973e315dd5"
dependencies = [
 "enum-ordinalize-derive",
]

[[package]]
name = "enum-ordinalize-derive"
version = "4.3.1"
source = "registry+https://github.com/rust-lang/crates.io-index"
checksum = "0d28318a75d4aead5c4db25382e8ef717932d0346600cacae6357eb5941bc5ff"
dependencies = [
 "proc-macro2",
 "quote",
 "syn",
]

[[package]]
name = "proc-macro2"
version = "1.0.93"
source = "registry+https://github.com/rust-lang/crates.io-index"
checksum = "60946a68e5f9d28b0dc1c21bb8a97ee7d018a8b322fa57838ba31cc878e22d99"
dependencies = [
 "unicode-ident",
]

[[package]]
name = "quote"
version = "1.0.38"
source = "registry+https://github.com/rust-lang/crates.io-index"
checksum = "0e4dccaaaf89514f546c693ddc140f729f958c247918a13380cccc6078391acc"
dependencies = [
 "proc-macro2",
]

[[package]]
name = "syn"
version = "2.0.96"
source = "registry+https://github.com/rust-lang/crates.io-index"
checksum = "d5d0adab1ae378d7f53bdebc67a39f1f151407ef230f0ce2883572f5d8985c80"
dependencies = [
 "proc-macro2",
 "quote",
 "unicode-ident",
]

[[package]]
name = "unicode-ident"
version = "1.0.15"
source = "registry+https://github.com/rust-lang/crates.io-index"
checksum = "11cd88e12b17c6494200a9c1b683a04fcac9573ed74cd1b62aeb2727c5592243"
